<?xml version="1.0" encoding="utf-8"?>
<Project ToolsVersion="4.0" xmlns="http://schemas.microsoft.com/developer/msbuild/2003">
  <ItemGroup>
    <Filter Include="Header Files">
      <UniqueIdentifier>{93995380-89BD-4b04-88EB-625FBE52EBFB}</UniqueIdentifier>
      <Extensions>h;hh;hpp;hxx;hm;inl;inc;xsd</Extensions>
    </Filter>
    <Filter Include="Screen">
      <UniqueIdentifier>{f83d4def-3f4c-4a9e-935b-90e7fcccec92}</UniqueIdentifier>
    </Filter>
    <Filter Include="Ds4">
      <UniqueIdentifier>{bbec3818-c62e-4a67-b6c5-8d56d3da6a9b}</UniqueIdentifier>
    </Filter>
    <Filter Include="Screen\Options">
      <UniqueIdentifier>{ba897ff0-b87b-4480-a28c-ec5feaf02d0c}</UniqueIdentifier>
    </Filter>
    <Filter Include="Screen\Option">
      <UniqueIdentifier>{5536003b-57cc-429b-ba14-f8eb951d28f8}</UniqueIdentifier>
    </Filter>
    <Filter Include="Screen\Menu">
      <UniqueIdentifier>{2c828df0-9cd7-4a59-9163-f97eca45dd55}</UniqueIdentifier>
    </Filter>
  </ItemGroup>
  <ItemGroup>
    <ClInclude Include="__vm\.Sketch1.vsarduino.h">
      <Filter>Header Files</Filter>
    </ClInclude>
    <ClInclude Include="screen\Screen.h">
      <Filter>Screen</Filter>
    </ClInclude>
    <ClInclude Include="ds4\Ds4.h">
      <Filter>Ds4</Filter>
    </ClInclude>
    <ClInclude Include="screen\options\Options.h">
      <Filter>Screen\Options</Filter>
    </ClInclude>
    <ClInclude Include="screen\option\Option.h">
      <Filter>Screen\Option</Filter>
    </ClInclude>
    <ClInclude Include="screen\menu\Menu.h">
      <Filter>Screen\Menu</Filter>
    </ClInclude>
    <ClInclude Include="__vm\.Mega.vsarduino.h">
      <Filter>Header Files</Filter>
    </ClInclude>
  </ItemGroup>
  <ItemGroup>
    <None Include="mega2560.ino" />
  </ItemGroup>
  <ItemGroup>
    <ClCompile Include="screen\screen.cpp">
      <Filter>Screen</Filter>
    </ClCompile>
    <ClCompile Include="ds4\ds4.cpp">
      <Filter>Ds4</Filter>
    </ClCompile>
    <ClCompile Include="screen\options\options.cpp">
      <Filter>Screen\Options</Filter>
    </ClCompile>
    <ClCompile Include="screen\option\option.cpp">
      <Filter>Screen\Option</Filter>
    </ClCompile>
    <ClCompile Include="screen\menu\menu.cpp">
      <Filter>Screen\Menu</Filter>
    </ClCompile>
  </ItemGroup>
</Project>